lockfileVersion: 5.3

specifiers:
  '@monaco-editor/react': ^4.3.1
  acorn: ^8.6.0
  acorn-walk: ^8.2.0
  monaco-editor: ^0.31.1

dependencies:
  '@monaco-editor/react': 4.3.1_monaco-editor@0.31.1
  acorn: 8.6.0
  acorn-walk: 8.2.0
  monaco-editor: 0.31.1

packages:

  /@monaco-editor/loader/1.2.0_monaco-editor@0.31.1:
    resolution: {integrity: sha512-cJVCG/T/KxXgzYnjKqyAgsKDbH9mGLjcXxN6AmwumBwa2rVFkwvGcUj1RJtD0ko4XqLqJxwqsN/Z/KURB5f1OQ==}
    peerDependencies:
      monaco-editor: '>= 0.21.0 < 1'
    dependencies:
      monaco-editor: 0.31.1
      state-local: 1.0.7
    dev: false

  /@monaco-editor/react/4.3.1_monaco-editor@0.31.1:
    resolution: {integrity: sha512-f+0BK1PP/W5I50hHHmwf11+Ea92E5H1VZXs+wvKplWUWOfyMa1VVwqkJrXjRvbcqHL+XdIGYWhWNdi4McEvnZg==}
    peerDependencies:
      monaco-editor: '>= 0.25.0 < 1'
      react: ^16.8.0 || ^17.0.0
      react-dom: ^16.8.0 || ^17.0.0
    dependencies:
      '@monaco-editor/loader': 1.2.0_monaco-editor@0.31.1
      monaco-editor: 0.31.1
      prop-types: 15.7.2
    dev: false

  /acorn-walk/8.2.0:
    resolution: {integrity: sha512-k+iyHEuPgSw6SbuDpGQM+06HQUa04DZ3o+F6CSzXMvvI5KMvnaEqXe+YVe555R9nn6GPt404fos4wcgpw12SDA==}
    engines: {node: '>=0.4.0'}
    dev: false

  /acorn/8.6.0:
    resolution: {integrity: sha512-U1riIR+lBSNi3IbxtaHOIKdH8sLFv3NYfNv8sg7ZsNhcfl4HF2++BfqqrNAxoCLQW1iiylOj76ecnaUxz+z9yw==}
    engines: {node: '>=0.4.0'}
    hasBin: true
    dev: false

  /js-tokens/4.0.0:
    resolution: {integrity: sha512-RdJUflcE3cUzKiMqQgsCu06FPu9UdIJO0beYbPhHN4k6apgJtifcoCtT9bcxOpYBtpD2kCM6Sbzg4CausW/PKQ==}
    dev: false

  /loose-envify/1.4.0:
    resolution: {integrity: sha512-lyuxPGr/Wfhrlem2CL/UcnUc1zcqKAImBDzukY7Y5F/yQiNdko6+fRLevlw1HgMySw7f611UIY408EtxRSoK3Q==}
    hasBin: true
    dependencies:
      js-tokens: 4.0.0
    dev: false

  /monaco-editor/0.31.1:
    resolution: {integrity: sha512-FYPwxGZAeP6mRRyrr5XTGHD9gRXVjy7GUzF4IPChnyt3fS5WrNxIkS8DNujWf6EQy0Zlzpxw8oTVE+mWI2/D1Q==}
    dev: false

  /object-assign/4.1.1:
    resolution: {integrity: sha1-IQmtx5ZYh8/AXLvUQsrIv7s2CGM=}
    engines: {node: '>=0.10.0'}
    dev: false

  /prop-types/15.7.2:
    resolution: {integrity: sha512-8QQikdH7//R2vurIJSutZ1smHYTcLpRWEOlHnzcWHmBYrOGUysKwSsrC89BCiFj3CbrfJ/nXFdJepOVrY1GCHQ==}
    dependencies:
      loose-envify: 1.4.0
      object-assign: 4.1.1
      react-is: 16.13.1
    dev: false

  /react-is/16.13.1:
    resolution: {integrity: sha512-24e6ynE2H+OKt4kqsOvNd8kBpV65zoxbA4BVsEOB3ARVWQki/DHzaUoC5KuON/BiccDaCCTZBuOcfZs70kR8bQ==}
    dev: false

  /state-local/1.0.7:
    resolution: {integrity: sha512-HTEHMNieakEnoe33shBYcZ7NX83ACUjCu8c40iOGEZsngj9zRnkqS9j1pqQPXwobB0ZcVTk27REb7COQ0UR59w==}
    dev: false
